github.com/openfluke/paragon v1.0.0 h1:zf92MNzUXeowNmfBqnIiYEez3J8OyBfD7cdRq8DUhlM=
github.com/openfluke/paragon v1.0.0/go.mod h1:6dZ9C1WCP7fX4GyinH5FAaS97KENT2Zt3c90wa4WBO0=
github.com/openfluke/paragon v1.0.1-0.20250602092713-e019adf78356 h1:0Clo2mnJ20SrRayWx5etS16ZjM40db74y9QoX+pwSCw=
github.com/openfluke/paragon v1.0.1-0.20250602092713-e019adf78356/go.mod h1:wc7SqUOiSprRCiZQCWe2Z+QdzOI0UYXwko6qXGGwizA=
github.com/openfluke/paragon v1.0.1-0.20250602233508-cf7556f02e25 h1:QjzBy2bSfrEhTrQxP2KAteICtDu0EQgaxO/BiWvWPlk=
github.com/openfluke/paragon v1.0.1-0.20250602233508-cf7556f02e25/go.mod h1:wc7SqUOiSprRCiZQCWe2Z+QdzOI0UYXwko6qXGGwizA=
github.com/openfluke/paragon v1.0.1-0.20250603001602-9e936cf90d58 h1:Y43hEyt9BwPml5Ov8snoeNvh6FOc4A5a+bO8cWIVC/A=
github.com/openfluke/paragon v1.0.1-0.20250603001602-9e936cf90d58/go.mod h1:wc7SqUOiSprRCiZQCWe2Z+QdzOI0UYXwko6qXGGwizA=
github.com/openfluke/paragon v1.0.1-0.20250603002303-17c8d05a66f8 h1:fwETD6k4Uw5gV5egJUYA6X7GrDZyob8DvCGDI0UGr+o=
github.com/openfluke/paragon v1.0.1-0.20250603002303-17c8d05a66f8/go.mod h1:wc7SqUOiSprRCiZQCWe2Z+QdzOI0UYXwko6qXGGwizA=
github.com/openfluke/paragon v1.0.1-0.20250603004607-43d469a2e631 h1:tMHZ5s+L5EiYIaOs61SddxQY2Brv+/P+znqHfj7kFCI=
github.com/openfluke/paragon v1.0.1-0.20250603004607-43d469a2e631/go.mod h1:wc7SqUOiSprRCiZQCWe2Z+QdzOI0UYXwko6qXGGwizA=
github.com/openfluke/paragon v1.0.1-0.20250603005350-1136dac1c6fc h1:bbwjkX0V8UN6lFrTGlA3WYCelZDiZPes5TrI5K6/5Fw=
github.com/openfluke/paragon v1.0.1-0.20250603005350-1136dac1c6fc/go.mod h1:wc7SqUOiSprRCiZQCWe2Z+QdzOI0UYXwko6qXGGwizA=
github.com/openfluke/paragon v1.0.1-0.20250603010402-9f5c14976011 h1:1wxhqZqxm487xzmlAwGXaOn24nkVKwuLueYoHe2vhok=
github.com/openfluke/paragon v1.0.1-0.20250603010402-9f5c14976011/go.mod h1:wc7SqUOiSprRCiZQCWe2Z+QdzOI0UYXwko6qXGGwizA=
github.com/openfluke/paragon/v3 v3.0.1 h1:g2TLNJWnfrkdtOYWGhnwCDOnya21gefzRIo8ZgFDWhQ=
github.com/openfluke/paragon/v3 v3.0.1/go.mod h1:rENPkft4pPEo75qILGFlZ35r2kSPvTnQFM4CX+V9qf4=
github.com/openfluke/paragon/v3 v3.0.2 h1:pePvvTyMYmwXTPdJuRrkORkPoibKqc+Wd2n8YFpwv3Q=
github.com/openfluke/paragon/v3 v3.0.2/go.mod h1:rENPkft4pPEo75qILGFlZ35r2kSPvTnQFM4CX+V9qf4=
github.com/openfluke/pilot v0.0.2 h1:kIzzsle4bAHNtBDOaf2BsUVoAgk49HgFyUphNkw7skw=
github.com/openfluke/pilot v0.0.2/go.mod h1:lk1GmnZH57lA2eHYQSl/hhlc7h/vSb/AZKC0uMySQPA=
github.com/openfluke/webgpu v0.0.0-20250602002809-2a3d4670a0d4 h1:ERg69QxWU6JYHBAlQ25m6PMPbcFtLQibMAz5lVvOCbg=
github.com/openfluke/webgpu v0.0.0-20250602002809-2a3d4670a0d4/go.mod h1:072J6eEkBj9KgFzMY1RMgscUnu3EfTZsQABObSMZy1c=
github.com/rajveermalviya/go-webgpu/wgpu v0.17.1 h1:BlPsyVdDfTdDh50nZypBH5Qu+on03AJgiRs0Lt7TFaI=
github.com/rajveermalviya/go-webgpu/wgpu v0.17.1/go.mod h1:fr08XXRX3QNhQW6ylg9ihJl3NXFU0oMuqOglGpSgSJo=
